
Microsoft Visual Studio Solution File, Format Version 12.00
# Visual Studio Version 17
VisualStudioVersion = 17.4.33213.308
MinimumVisualStudioVersion = 10.0.40219.1
Project("{FAE04EC0-301F-11D3-BF4B-00C04F79EFBC}") = "Exercicio2", "Exercicio2\Exercicio2.csproj", "{3876E9E2-33B9-434C-9268-806A7D6F5E4C}"
EndProject
Global
	GlobalSection(SolutionConfigurationPlatforms) = preSolution
		Debug|Any CPU = Debug|Any CPU
		Release|Any CPU = Release|Any CPU
	EndGlobalSection
	GlobalSection(ProjectConfigurationPlatforms) = postSolution
		{3876E9E2-33B9-434C-9268-806A7D6F5E4C}.Debug|Any CPU.ActiveCfg = Debug|Any CPU
		{3876E9E2-33B9-434C-9268-806A7D6F5E4C}.Debug|Any CPU.Build.0 = Debug|Any CPU
		{3876E9E2-33B9-434C-9268-806A7D6F5E4C}.Release|Any CPU.ActiveCfg = Release|Any CPU
		{3876E9E2-33B9-434C-9268-806A7D6F5E4C}.Release|Any CPU.Build.0 = Release|Any CPU
	EndGlobalSection
	GlobalSection(SolutionProperties) = preSolution
		HideSolutionNode = FALSE
	EndGlobalSection
	GlobalSection(ExtensibilityGlobals) = postSolution
		SolutionGuid = {9ED5FC6D-70DF-474F-97AF-AEE2C3CCB3AF}
	EndGlobalSection
EndGlobal
