
Microsoft Visual Studio Solution File, Format Version 12.00
# Visual Studio Version 17
VisualStudioVersion = 17.4.33213.308
MinimumVisualStudioVersion = 10.0.40219.1
Project("{FAE04EC0-301F-11D3-BF4B-00C04F79EFBC}") = "Exercicio9", "Exercicio9\Exercicio9.csproj", "{E153251D-FA62-4E47-8708-7265435DBC83}"
EndProject
Global
	GlobalSection(SolutionConfigurationPlatforms) = preSolution
		Debug|Any CPU = Debug|Any CPU
		Release|Any CPU = Release|Any CPU
	EndGlobalSection
	GlobalSection(ProjectConfigurationPlatforms) = postSolution
		{E153251D-FA62-4E47-8708-7265435DBC83}.Debug|Any CPU.ActiveCfg = Debug|Any CPU
		{E153251D-FA62-4E47-8708-7265435DBC83}.Debug|Any CPU.Build.0 = Debug|Any CPU
		{E153251D-FA62-4E47-8708-7265435DBC83}.Release|Any CPU.ActiveCfg = Release|Any CPU
		{E153251D-FA62-4E47-8708-7265435DBC83}.Release|Any CPU.Build.0 = Release|Any CPU
	EndGlobalSection
	GlobalSection(SolutionProperties) = preSolution
		HideSolutionNode = FALSE
	EndGlobalSection
	GlobalSection(ExtensibilityGlobals) = postSolution
		SolutionGuid = {2B578655-7973-4D61-89A6-212A042DED6F}
	EndGlobalSection
EndGlobal
