
Microsoft Visual Studio Solution File, Format Version 12.00
# Visual Studio Version 17
VisualStudioVersion = 17.4.33213.308
MinimumVisualStudioVersion = 10.0.40219.1
Project("{FAE04EC0-301F-11D3-BF4B-00C04F79EFBC}") = "Exercicio7", "Exercicio7\Exercicio7.csproj", "{EB28875F-E1F4-4423-85F8-6014C33CB124}"
EndProject
Global
	GlobalSection(SolutionConfigurationPlatforms) = preSolution
		Debug|Any CPU = Debug|Any CPU
		Release|Any CPU = Release|Any CPU
	EndGlobalSection
	GlobalSection(ProjectConfigurationPlatforms) = postSolution
		{EB28875F-E1F4-4423-85F8-6014C33CB124}.Debug|Any CPU.ActiveCfg = Debug|Any CPU
		{EB28875F-E1F4-4423-85F8-6014C33CB124}.Debug|Any CPU.Build.0 = Debug|Any CPU
		{EB28875F-E1F4-4423-85F8-6014C33CB124}.Release|Any CPU.ActiveCfg = Release|Any CPU
		{EB28875F-E1F4-4423-85F8-6014C33CB124}.Release|Any CPU.Build.0 = Release|Any CPU
	EndGlobalSection
	GlobalSection(SolutionProperties) = preSolution
		HideSolutionNode = FALSE
	EndGlobalSection
	GlobalSection(ExtensibilityGlobals) = postSolution
		SolutionGuid = {D25943C2-E570-4A1A-9189-9AE4CFC3A7D6}
	EndGlobalSection
EndGlobal
